
Microsoft Visual Studio Solution File, Format Version 12.00
# Visual Studio Version 16
VisualStudioVersion = 16.0.30611.23
MinimumVisualStudioVersion = 10.0.40219.1
Project("{FAE04EC0-301F-11D3-BF4B-00C04F79EFBC}") = "Algos", "Algos\Algos.csproj", "{17077541-FB6E-4B2D-8D53-43F003CAC59A}"
EndProject
Global
	GlobalSection(SolutionConfigurationPlatforms) = preSolution
		Debug|Any CPU = Debug|Any CPU
		Release|Any CPU = Release|Any CPU
	EndGlobalSection
	GlobalSection(ProjectConfigurationPlatforms) = postSolution
		{17077541-FB6E-4B2D-8D53-43F003CAC59A}.Debug|Any CPU.ActiveCfg = Debug|Any CPU
		{17077541-FB6E-4B2D-8D53-43F003CAC59A}.Debug|Any CPU.Build.0 = Debug|Any CPU
		{17077541-FB6E-4B2D-8D53-43F003CAC59A}.Release|Any CPU.ActiveCfg = Release|Any CPU
		{17077541-FB6E-4B2D-8D53-43F003CAC59A}.Release|Any CPU.Build.0 = Release|Any CPU
	EndGlobalSection
	GlobalSection(SolutionProperties) = preSolution
		HideSolutionNode = FALSE
	EndGlobalSection
	GlobalSection(ExtensibilityGlobals) = postSolution
		SolutionGuid = {32835299-D2E7-4568-A7D5-7E002F8A4E0C}
	EndGlobalSection
EndGlobal
